
Microsoft Visual Studio Solution File, Format Version 12.00
# Visual Studio 15
VisualStudioVersion = 15.0.26124.0
MinimumVisualStudioVersion = 15.0.26124.0
Project("{FAE04EC0-301F-11D3-BF4B-00C04F79EFBC}") = "Domain", "Domain\Domain.csproj", "{851B15FA-9981-45DB-AE50-A7A5483A67DA}"
EndProject
Project("{FAE04EC0-301F-11D3-BF4B-00C04F79EFBC}") = "Persistence", "Persistence\Persistence.csproj", "{B0C70699-1430-483F-A7E5-E613C13F2822}"
EndProject
Project("{FAE04EC0-301F-11D3-BF4B-00C04F79EFBC}") = "Application", "Application\Application.csproj", "{EF6B22DC-FC61-4B67-BF23-1FF69A391B68}"
EndProject
Project("{FAE04EC0-301F-11D3-BF4B-00C04F79EFBC}") = "API", "API\API.csproj", "{6FF90879-30C4-4F10-9B9B-A514A81DD439}"
EndProject
Global
	GlobalSection(SolutionConfigurationPlatforms) = preSolution
		Debug|Any CPU = Debug|Any CPU
		Debug|x64 = Debug|x64
		Debug|x86 = Debug|x86
		Release|Any CPU = Release|Any CPU
		Release|x64 = Release|x64
		Release|x86 = Release|x86
	EndGlobalSection
	GlobalSection(SolutionProperties) = preSolution
		HideSolutionNode = FALSE
	EndGlobalSection
	GlobalSection(ProjectConfigurationPlatforms) = postSolution
		{851B15FA-9981-45DB-AE50-A7A5483A67DA}.Debug|Any CPU.ActiveCfg = Debug|Any CPU
		{851B15FA-9981-45DB-AE50-A7A5483A67DA}.Debug|Any CPU.Build.0 = Debug|Any CPU
		{851B15FA-9981-45DB-AE50-A7A5483A67DA}.Debug|x64.ActiveCfg = Debug|Any CPU
		{851B15FA-9981-45DB-AE50-A7A5483A67DA}.Debug|x64.Build.0 = Debug|Any CPU
		{851B15FA-9981-45DB-AE50-A7A5483A67DA}.Debug|x86.ActiveCfg = Debug|Any CPU
		{851B15FA-9981-45DB-AE50-A7A5483A67DA}.Debug|x86.Build.0 = Debug|Any CPU
		{851B15FA-9981-45DB-AE50-A7A5483A67DA}.Release|Any CPU.ActiveCfg = Release|Any CPU
		{851B15FA-9981-45DB-AE50-A7A5483A67DA}.Release|Any CPU.Build.0 = Release|Any CPU
		{851B15FA-9981-45DB-AE50-A7A5483A67DA}.Release|x64.ActiveCfg = Release|Any CPU
		{851B15FA-9981-45DB-AE50-A7A5483A67DA}.Release|x64.Build.0 = Release|Any CPU
		{851B15FA-9981-45DB-AE50-A7A5483A67DA}.Release|x86.ActiveCfg = Release|Any CPU
		{851B15FA-9981-45DB-AE50-A7A5483A67DA}.Release|x86.Build.0 = Release|Any CPU
		{B0C70699-1430-483F-A7E5-E613C13F2822}.Debug|Any CPU.ActiveCfg = Debug|Any CPU
		{B0C70699-1430-483F-A7E5-E613C13F2822}.Debug|Any CPU.Build.0 = Debug|Any CPU
		{B0C70699-1430-483F-A7E5-E613C13F2822}.Debug|x64.ActiveCfg = Debug|Any CPU
		{B0C70699-1430-483F-A7E5-E613C13F2822}.Debug|x64.Build.0 = Debug|Any CPU
		{B0C70699-1430-483F-A7E5-E613C13F2822}.Debug|x86.ActiveCfg = Debug|Any CPU
		{B0C70699-1430-483F-A7E5-E613C13F2822}.Debug|x86.Build.0 = Debug|Any CPU
		{B0C70699-1430-483F-A7E5-E613C13F2822}.Release|Any CPU.ActiveCfg = Release|Any CPU
		{B0C70699-1430-483F-A7E5-E613C13F2822}.Release|Any CPU.Build.0 = Release|Any CPU
		{B0C70699-1430-483F-A7E5-E613C13F2822}.Release|x64.ActiveCfg = Release|Any CPU
		{B0C70699-1430-483F-A7E5-E613C13F2822}.Release|x64.Build.0 = Release|Any CPU
		{B0C70699-1430-483F-A7E5-E613C13F2822}.Release|x86.ActiveCfg = Release|Any CPU
		{B0C70699-1430-483F-A7E5-E613C13F2822}.Release|x86.Build.0 = Release|Any CPU
		{EF6B22DC-FC61-4B67-BF23-1FF69A391B68}.Debug|Any CPU.ActiveCfg = Debug|Any CPU
		{EF6B22DC-FC61-4B67-BF23-1FF69A391B68}.Debug|Any CPU.Build.0 = Debug|Any CPU
		{EF6B22DC-FC61-4B67-BF23-1FF69A391B68}.Debug|x64.ActiveCfg = Debug|Any CPU
		{EF6B22DC-FC61-4B67-BF23-1FF69A391B68}.Debug|x64.Build.0 = Debug|Any CPU
		{EF6B22DC-FC61-4B67-BF23-1FF69A391B68}.Debug|x86.ActiveCfg = Debug|Any CPU
		{EF6B22DC-FC61-4B67-BF23-1FF69A391B68}.Debug|x86.Build.0 = Debug|Any CPU
		{EF6B22DC-FC61-4B67-BF23-1FF69A391B68}.Release|Any CPU.ActiveCfg = Release|Any CPU
		{EF6B22DC-FC61-4B67-BF23-1FF69A391B68}.Release|Any CPU.Build.0 = Release|Any CPU
		{EF6B22DC-FC61-4B67-BF23-1FF69A391B68}.Release|x64.ActiveCfg = Release|Any CPU
		{EF6B22DC-FC61-4B67-BF23-1FF69A391B68}.Release|x64.Build.0 = Release|Any CPU
		{EF6B22DC-FC61-4B67-BF23-1FF69A391B68}.Release|x86.ActiveCfg = Release|Any CPU
		{EF6B22DC-FC61-4B67-BF23-1FF69A391B68}.Release|x86.Build.0 = Release|Any CPU
		{6FF90879-30C4-4F10-9B9B-A514A81DD439}.Debug|Any CPU.ActiveCfg = Debug|Any CPU
		{6FF90879-30C4-4F10-9B9B-A514A81DD439}.Debug|Any CPU.Build.0 = Debug|Any CPU
		{6FF90879-30C4-4F10-9B9B-A514A81DD439}.Debug|x64.ActiveCfg = Debug|Any CPU
		{6FF90879-30C4-4F10-9B9B-A514A81DD439}.Debug|x64.Build.0 = Debug|Any CPU
		{6FF90879-30C4-4F10-9B9B-A514A81DD439}.Debug|x86.ActiveCfg = Debug|Any CPU
		{6FF90879-30C4-4F10-9B9B-A514A81DD439}.Debug|x86.Build.0 = Debug|Any CPU
		{6FF90879-30C4-4F10-9B9B-A514A81DD439}.Release|Any CPU.ActiveCfg = Release|Any CPU
		{6FF90879-30C4-4F10-9B9B-A514A81DD439}.Release|Any CPU.Build.0 = Release|Any CPU
		{6FF90879-30C4-4F10-9B9B-A514A81DD439}.Release|x64.ActiveCfg = Release|Any CPU
		{6FF90879-30C4-4F10-9B9B-A514A81DD439}.Release|x64.Build.0 = Release|Any CPU
		{6FF90879-30C4-4F10-9B9B-A514A81DD439}.Release|x86.ActiveCfg = Release|Any CPU
		{6FF90879-30C4-4F10-9B9B-A514A81DD439}.Release|x86.Build.0 = Release|Any CPU
	EndGlobalSection
EndGlobal
